
Microsoft Visual Studio Solution File, Format Version 12.00
# Visual Studio Version 17
VisualStudioVersion = 17.7.34031.279
MinimumVisualStudioVersion = 10.0.40219.1
Project("{FAE04EC0-301F-11D3-BF4B-00C04F79EFBC}") = "chatGPT_Humor", "chatGPT_Humor\chatGPT_Humor.csproj", "{ED748B17-5F9C-42F5-9930-FCDEEA3FE6B9}"
EndProject
Global
	GlobalSection(SolutionConfigurationPlatforms) = preSolution
		Debug|Any CPU = Debug|Any CPU
		Release|Any CPU = Release|Any CPU
	EndGlobalSection
	GlobalSection(ProjectConfigurationPlatforms) = postSolution
		{ED748B17-5F9C-42F5-9930-FCDEEA3FE6B9}.Debug|Any CPU.ActiveCfg = Debug|Any CPU
		{ED748B17-5F9C-42F5-9930-FCDEEA3FE6B9}.Debug|Any CPU.Build.0 = Debug|Any CPU
		{ED748B17-5F9C-42F5-9930-FCDEEA3FE6B9}.Release|Any CPU.ActiveCfg = Release|Any CPU
		{ED748B17-5F9C-42F5-9930-FCDEEA3FE6B9}.Release|Any CPU.Build.0 = Release|Any CPU
	EndGlobalSection
	GlobalSection(SolutionProperties) = preSolution
		HideSolutionNode = FALSE
	EndGlobalSection
	GlobalSection(ExtensibilityGlobals) = postSolution
		SolutionGuid = {7F4EB86A-1215-496F-996C-05401A0337D1}
	EndGlobalSection
EndGlobal
